
Microsoft Visual Studio Solution File, Format Version 12.00
# Visual Studio Version 17
VisualStudioVersion = 17.5.002.0
MinimumVisualStudioVersion = 10.0.40219.1
Project("{9A19103F-16F7-4668-BE54-9A1E7A4F7556}") = "core7.ocelot.gateway", "core7.ocelot.gateway.csproj", "{30A74583-7D08-4F30-AE78-5BDBFBE1F248}"
EndProject
Global
	GlobalSection(SolutionConfigurationPlatforms) = preSolution
		Debug|Any CPU = Debug|Any CPU
		Release|Any CPU = Release|Any CPU
	EndGlobalSection
	GlobalSection(ProjectConfigurationPlatforms) = postSolution
		{30A74583-7D08-4F30-AE78-5BDBFBE1F248}.Debug|Any CPU.ActiveCfg = Debug|Any CPU
		{30A74583-7D08-4F30-AE78-5BDBFBE1F248}.Debug|Any CPU.Build.0 = Debug|Any CPU
		{30A74583-7D08-4F30-AE78-5BDBFBE1F248}.Release|Any CPU.ActiveCfg = Release|Any CPU
		{30A74583-7D08-4F30-AE78-5BDBFBE1F248}.Release|Any CPU.Build.0 = Release|Any CPU
	EndGlobalSection
	GlobalSection(SolutionProperties) = preSolution
		HideSolutionNode = FALSE
	EndGlobalSection
	GlobalSection(ExtensibilityGlobals) = postSolution
		SolutionGuid = {0F0F0305-78F0-48CA-9106-57E753ED4558}
	EndGlobalSection
EndGlobal
